{
  "name": "electron-react-boilerplate",
  "version": "1.0.0",
  "lockfileVersion": 1,
  "requires": true,
  "dependencies": {
    "ean-native": {
      "version": "1.0.3",
      "resolved": "https://registry.npmjs.org/ean-native/-/ean-native-1.0.3.tgz",
      "integrity": "sha512-/f8MOaWxYBbIvRxm+MAd479Ai5Sb4QL4MmX6ytrZ+rD5YjUbArnQWppA7KrMagw5OkSlzPV9pfdyrwvVCI2HZA==",
      "requires": {
        "nan": "2.10.0"
      }
    },
    "nan": {
      "version": "2.10.0",
      "resolved": "https://registry.npmjs.org/nan/-/nan-2.10.0.tgz",
      "integrity": "sha512-bAdJv7fBLhWC+/Bls0Oza+mvTaNQtP+1RyhhhvD95pgUJz6XM5IzgmxOkItJ9tkoCiplvAnXI1tNmmUD/eScyA=="
    }
  }
}
