{
  "name": "electron-react-boilerplate",
  "version": "1.0.0",
  "lockfileVersion": 1,
  "requires": true,
  "dependencies": {
    "ean-native": {
      "version": "1.0.10",
      "resolved": "https://registry.npmjs.org/ean-native/-/ean-native-1.0.10.tgz",
      "integrity": "sha512-A5yJQKIfSp58+IA/nwRlW1OS2QtuVYL9j3kK3Zj4dLEFoCXLL3U7LTR6k7Izh3MFExht/TNhBfYg0N0gBHCiZw==",
      "requires": {
        "nan": "2.10.0"
      }
    },
    "nan": {
      "version": "2.10.0",
      "resolved": "https://registry.npmjs.org/nan/-/nan-2.10.0.tgz",
      "integrity": "sha512-bAdJv7fBLhWC+/Bls0Oza+mvTaNQtP+1RyhhhvD95pgUJz6XM5IzgmxOkItJ9tkoCiplvAnXI1tNmmUD/eScyA=="
    }
  }
}
