{
  "name": "electron-react-boilerplate",
  "version": "1.0.0",
  "lockfileVersion": 1,
  "requires": true,
  "dependencies": {
    "ean-native": {
      "version": "1.0.5",
      "resolved": "https://registry.npmjs.org/ean-native/-/ean-native-1.0.5.tgz",
      "integrity": "sha512-BIEizN/pAlnJoxoWHWogefw4FW63TyZ+phc/GGUiM+Nv1iyPTECg3xSdZjCvrVK7SLKnqRXD7bTU7c4Tf50VLA==",
      "requires": {
        "nan": "2.10.0"
      }
    },
    "nan": {
      "version": "2.10.0",
      "resolved": "https://registry.npmjs.org/nan/-/nan-2.10.0.tgz",
      "integrity": "sha512-bAdJv7fBLhWC+/Bls0Oza+mvTaNQtP+1RyhhhvD95pgUJz6XM5IzgmxOkItJ9tkoCiplvAnXI1tNmmUD/eScyA=="
    }
  }
}
